// !$*UTF8*$!
{
	archiveVersion = 1;
	classes = {
	};
	objectVersion = 46;
	objects = {

/* Begin PBXBuildFile section */
		F553C65D1AA2201400DE1A3E /* AppDelegate.swift in Sources */ = {isa = PBXBuildFile; fileRef = F553C65C1AA2201400DE1A3E /* AppDelegate.swift */; };
		F553C65F1AA2201400DE1A3E /* ViewController.swift in Sources */ = {isa = PBXBuildFile; fileRef = F553C65E1AA2201400DE1A3E /* ViewController.swift */; };
		F553C6621AA2201400DE1A3E /* Main.storyboard in Resources */ = {isa = PBXBuildFile; fileRef = F553C6601AA2201400DE1A3E /* Main.storyboard */; };
		F553C6641AA2201400DE1A3E /* Images.xcassets in Resources */ = {isa = PBXBuildFile; fileRef = F553C6631AA2201400DE1A3E /* Images.xcassets */; };
		F553C6671AA2201400DE1A3E /* LaunchScreen.xib in Resources */ = {isa = PBXBuildFile; fileRef = F553C6651AA2201400DE1A3E /* LaunchScreen.xib */; };
		F553C6731AA2201400DE1A3E /* HellGlowIOSTests.swift in Sources */ = {isa = PBXBuildFile; fileRef = F553C6721AA2201400DE1A3E /* HellGlowIOSTests.swift */; };
		F553C67D1AA2222C00DE1A3E /* City.swift in Sources */ = {isa = PBXBuildFile; fileRef = F553C67C1AA2222C00DE1A3E /* City.swift */; };
		F553C67F1AA2223F00DE1A3E /* GlowAct.swift in Sources */ = {isa = PBXBuildFile; fileRef = F553C67E1AA2223F00DE1A3E /* GlowAct.swift */; };
/* End PBXBuildFile section */

/* Begin PBXContainerItemProxy section */
		F553C66D1AA2201400DE1A3E /* PBXContainerItemProxy */ = {
			isa = PBXContainerItemProxy;
			containerPortal = F553C64F1AA2201300DE1A3E /* Project object */;
			proxyType = 1;
			remoteGlobalIDString = F553C6561AA2201400DE1A3E;
			remoteInfo = HellGlowIOS;
		};
/* End PBXContainerItemProxy section */

/* Begin PBXFileReference section */
		F553C6571AA2201400DE1A3E /* HellGlowIOS.app */ = {isa = PBXFileReference; explicitFileType = wrapper.application; includeInIndex = 0; path = HellGlowIOS.app; sourceTree = BUILT_PRODUCTS_DIR; };
		F553C65B1AA2201400DE1A3E /* Info.plist */ = {isa = PBXFileReference; lastKnownFileType = text.plist.xml; path = Info.plist; sourceTree = "<group>"; };
		F553C65C1AA2201400DE1A3E /* AppDelegate.swift */ = {isa = PBXFileReference; lastKnownFileType = sourcecode.swift; path = AppDelegate.swift; sourceTree = "<group>"; };
		F553C65E1AA2201400DE1A3E /* ViewController.swift */ = {isa = PBXFileReference; lastKnownFileType = sourcecode.swift; path = ViewController.swift; sourceTree = "<group>"; };
		F553C6611AA2201400DE1A3E /* Base */ = {isa = PBXFileReference; lastKnownFileType = file.storyboard; name = Base; path = Base.lproj/Main.storyboard; sourceTree = "<group>"; };
		F553C6631AA2201400DE1A3E /* Images.xcassets */ = {isa = PBXFileReference; lastKnownFileType = folder.assetcatalog; path = Images.xcassets; sourceTree = "<group>"; };
		F553C6661AA2201400DE1A3E /* Base */ = {isa = PBXFileReference; lastKnownFileType = file.xib; name = Base; path = Base.lproj/LaunchScreen.xib; sourceTree = "<group>"; };
		F553C66C1AA2201400DE1A3E /* HellGlowIOSTests.xctest */ = {isa = PBXFileReference; explicitFileType = wrapper.cfbundle; includeInIndex = 0; path = HellGlowIOSTests.xctest; sourceTree = BUILT_PRODUCTS_DIR; };
		F553C6711AA2201400DE1A3E /* Info.plist */ = {isa = PBXFileReference; lastKnownFileType = text.plist.xml; path = Info.plist; sourceTree = "<group>"; };
		F553C6721AA2201400DE1A3E /* HellGlowIOSTests.swift */ = {isa = PBXFileReference; lastKnownFileType = sourcecode.swift; path = HellGlowIOSTests.swift; sourceTree = "<group>"; };
		F553C67C1AA2222C00DE1A3E /* City.swift */ = {isa = PBXFileReference; fileEncoding = 4; lastKnownFileType = sourcecode.swift; path = City.swift; sourceTree = "<group>"; };
		F553C67E1AA2223F00DE1A3E /* GlowAct.swift */ = {isa = PBXFileReference; fileEncoding = 4; lastKnownFileType = sourcecode.swift; path = GlowAct.swift; sourceTree = "<group>"; };
/* End PBXFileReference section */

/* Begin PBXFrameworksBuildPhase section */
		F553C6541AA2201400DE1A3E /* Frameworks */ = {
			isa = PBXFrameworksBuildPhase;
			buildActionMask = 2147483647;
			files = (
			);
			runOnlyForDeploymentPostprocessing = 0;
		};
		F553C6691AA2201400DE1A3E /* Frameworks */ = {
			isa = PBXFrameworksBuildPhase;
			buildActionMask = 2147483647;
			files = (
			);
			runOnlyForDeploymentPostprocessing = 0;
		};
/* End PBXFrameworksBuildPhase section */

/* Begin PBXGroup section */
		F553C64E1AA2201300DE1A3E = {
			isa = PBXGroup;
			children = (
				F553C6591AA2201400DE1A3E /* HellGlowIOS */,
				F553C66F1AA2201400DE1A3E /* HellGlowIOSTests */,
				F553C6581AA2201400DE1A3E /* Products */,
			);
			sourceTree = "<group>";
		};
		F553C6581AA2201400DE1A3E /* Products */ = {
			isa = PBXGroup;
			children = (
				F553C6571AA2201400DE1A3E /* HellGlowIOS.app */,
				F553C66C1AA2201400DE1A3E /* HellGlowIOSTests.xctest */,
			);
			name = Products;
			sourceTree = "<group>";
		};
		F553C6591AA2201400DE1A3E /* HellGlowIOS */ = {
			isa = PBXGroup;
			children = (
				F553C65C1AA2201400DE1A3E /* AppDelegate.swift */,
				F553C65E1AA2201400DE1A3E /* ViewController.swift */,
				F553C6601AA2201400DE1A3E /* Main.storyboard */,
				F553C6631AA2201400DE1A3E /* Images.xcassets */,
				F553C6651AA2201400DE1A3E /* LaunchScreen.xib */,
				F553C65A1AA2201400DE1A3E /* Supporting Files */,
				F553C67C1AA2222C00DE1A3E /* City.swift */,
				F553C67E1AA2223F00DE1A3E /* GlowAct.swift */,
			);
			path = HellGlowIOS;
			sourceTree = "<group>";
		};
		F553C65A1AA2201400DE1A3E /* Supporting Files */ = {
			isa = PBXGroup;
			children = (
				F553C65B1AA2201400DE1A3E /* Info.plist */,
			);
			name = "Supporting Files";
			sourceTree = "<group>";
		};
		F553C66F1AA2201400DE1A3E /* HellGlowIOSTests */ = {
			isa = PBXGroup;
			children = (
				F553C6721AA2201400DE1A3E /* HellGlowIOSTests.swift */,
				F553C6701AA2201400DE1A3E /* Supporting Files */,
			);
			path = HellGlowIOSTests;
			sourceTree = "<group>";
		};
		F553C6701AA2201400DE1A3E /* Supporting Files */ = {
			isa = PBXGroup;
			children = (
				F553C6711AA2201400DE1A3E /* Info.plist */,
			);
			name = "Supporting Files";
			sourceTree = "<group>";
		};
/* End PBXGroup section */

/* Begin PBXNativeTarget section */
		F553C6561AA2201400DE1A3E /* HellGlowIOS */ = {
			isa = PBXNativeTarget;
			buildConfigurationList = F553C6761AA2201400DE1A3E /* Build configuration list for PBXNativeTarget "HellGlowIOS" */;
			buildPhases = (
				F553C6531AA2201400DE1A3E /* Sources */,
				F553C6541AA2201400DE1A3E /* Frameworks */,
				F553C6551AA2201400DE1A3E /* Resources */,
			);
			buildRules = (
			);
			dependencies = (
			);
			name = HellGlowIOS;
			productName = HellGlowIOS;
			productReference = F553C6571AA2201400DE1A3E /* HellGlowIOS.app */;
			productType = "com.apple.product-type.application";
		};
		F553C66B1AA2201400DE1A3E /* HellGlowIOSTests */ = {
			isa = PBXNativeTarget;
			buildConfigurationList = F553C6791AA2201400DE1A3E /* Build configuration list for PBXNativeTarget "HellGlowIOSTests" */;
			buildPhases = (
				F553C6681AA2201400DE1A3E /* Sources */,
				F553C6691AA2201400DE1A3E /* Frameworks */,
				F553C66A1AA2201400DE1A3E /* Resources */,
			);
			buildRules = (
			);
			dependencies = (
				F553C66E1AA2201400DE1A3E /* PBXTargetDependency */,
			);
			name = HellGlowIOSTests;
			productName = HellGlowIOSTests;
			productReference = F553C66C1AA2201400DE1A3E /* HellGlowIOSTests.xctest */;
			productType = "com.apple.product-type.bundle.unit-test";
		};
/* End PBXNativeTarget section */

/* Begin PBXProject section */
		F553C64F1AA2201300DE1A3E /* Project object */ = {
			isa = PBXProject;
			attributes = {
				LastUpgradeCheck = 0610;
				ORGANIZATIONNAME = "Meny Metekia";
				TargetAttributes = {
					F553C6561AA2201400DE1A3E = {
						CreatedOnToolsVersion = 6.1.1;
					};
					F553C66B1AA2201400DE1A3E = {
						CreatedOnToolsVersion = 6.1.1;
						TestTargetID = F553C6561AA2201400DE1A3E;
					};
				};
			};
			buildConfigurationList = F553C6521AA2201300DE1A3E /* Build configuration list for PBXProject "HellGlowIOS" */;
			compatibilityVersion = "Xcode 3.2";
			developmentRegion = English;
			hasScannedForEncodings = 0;
			knownRegions = (
				en,
				Base,
			);
			mainGroup = F553C64E1AA2201300DE1A3E;
			productRefGroup = F553C6581AA2201400DE1A3E /* Products */;
			projectDirPath = "";
			projectRoot = "";
			targets = (
				F553C6561AA2201400DE1A3E /* HellGlowIOS */,
				F553C66B1AA2201400DE1A3E /* HellGlowIOSTests */,
			);
		};
/* End PBXProject section */

/* Begin PBXResourcesBuildPhase section */
		F553C6551AA2201400DE1A3E /* Resources */ = {
			isa = PBXResourcesBuildPhase;
			buildActionMask = 2147483647;
			files = (
				F553C6621AA2201400DE1A3E /* Main.storyboard in Resources */,
				F553C6671AA2201400DE1A3E /* LaunchScreen.xib in Resources */,
				F553C6641AA2201400DE1A3E /* Images.xcassets in Resources */,
			);
			runOnlyForDeploymentPostprocessing = 0;
		};
		F553C66A1AA2201400DE1A3E /* Resources */ = {
			isa = PBXResourcesBuildPhase;
			buildActionMask = 2147483647;
			files = (
			);
			runOnlyForDeploymentPostprocessing = 0;
		};
/* End PBXResourcesBuildPhase section */

/* Begin PBXSourcesBuildPhase section */
		F553C6531AA2201400DE1A3E /* Sources */ = {
			isa = PBXSourcesBuildPhase;
			buildActionMask = 2147483647;
			files = (
				F553C65F1AA2201400DE1A3E /* ViewController.swift in Sources */,
				F553C67F1AA2223F00DE1A3E /* GlowAct.swift in Sources */,
				F553C65D1AA2201400DE1A3E /* AppDelegate.swift in Sources */,
				F553C67D1AA2222C00DE1A3E /* City.swift in Sources */,
			);
			runOnlyForDeploymentPostprocessing = 0;
		};
		F553C6681AA2201400DE1A3E /* Sources */ = {
			isa = PBXSourcesBuildPhase;
			buildActionMask = 2147483647;
			files = (
				F553C6731AA2201400DE1A3E /* HellGlowIOSTests.swift in Sources */,
			);
			runOnlyForDeploymentPostprocessing = 0;
		};
/* End PBXSourcesBuildPhase section */

/* Begin PBXTargetDependency section */
		F553C66E1AA2201400DE1A3E /* PBXTargetDependency */ = {
			isa = PBXTargetDependency;
			target = F553C6561AA2201400DE1A3E /* HellGlowIOS */;
			targetProxy = F553C66D1AA2201400DE1A3E /* PBXContainerItemProxy */;
		};
/* End PBXTargetDependency section */

/* Begin PBXVariantGroup section */
		F553C6601AA2201400DE1A3E /* Main.storyboard */ = {
			isa = PBXVariantGroup;
			children = (
				F553C6611AA2201400DE1A3E /* Base */,
			);
			name = Main.storyboard;
			sourceTree = "<group>";
		};
		F553C6651AA2201400DE1A3E /* LaunchScreen.xib */ = {
			isa = PBXVariantGroup;
			children = (
				F553C6661AA2201400DE1A3E /* Base */,
			);
			name = LaunchScreen.xib;
			sourceTree = "<group>";
		};
/* End PBXVariantGroup section */

/* Begin XCBuildConfiguration section */
		F553C6741AA2201400DE1A3E /* Debug */ = {
			isa = XCBuildConfiguration;
			buildSettings = {
				ALWAYS_SEARCH_USER_PATHS = NO;
				CLANG_CXX_LANGUAGE_STANDARD = "gnu++0x";
				CLANG_CXX_LIBRARY = "libc++";
				CLANG_ENABLE_MODULES = YES;
				CLANG_ENABLE_OBJC_ARC = YES;
				CLANG_WARN_BOOL_CONVERSION = YES;
				CLANG_WARN_CONSTANT_CONVERSION = YES;
				CLANG_WARN_DIRECT_OBJC_ISA_USAGE = YES_ERROR;
				CLANG_WARN_EMPTY_BODY = YES;
				CLANG_WARN_ENUM_CONVERSION = YES;
				CLANG_WARN_INT_CONVERSION = YES;
				CLANG_WARN_OBJC_ROOT_CLASS = YES_ERROR;
				CLANG_WARN_UNREACHABLE_CODE = YES;
				CLANG_WARN__DUPLICATE_METHOD_MATCH = YES;
				"CODE_SIGN_IDENTITY[sdk=iphoneos*]" = "iPhone Developer";
				COPY_PHASE_STRIP = NO;
				ENABLE_STRICT_OBJC_MSGSEND = YES;
				GCC_C_LANGUAGE_STANDARD = gnu99;
				GCC_DYNAMIC_NO_PIC = NO;
				GCC_OPTIMIZATION_LEVEL = 0;
				GCC_PREPROCESSOR_DEFINITIONS = (
					"DEBUG=1",
					"$(inherited)",
				);
				GCC_SYMBOLS_PRIVATE_EXTERN = NO;
				GCC_WARN_64_TO_32_BIT_CONVERSION = YES;
				GCC_WARN_ABOUT_RETURN_TYPE = YES_ERROR;
				GCC_WARN_UNDECLARED_SELECTOR = YES;
				GCC_WARN_UNINITIALIZED_AUTOS = YES_AGGRESSIVE;
				GCC_WARN_UNUSED_FUNCTION = YES;
				GCC_WARN_UNUSED_VARIABLE = YES;
				IPHONEOS_DEPLOYMENT_TARGET = 8.1;
				MTL_ENABLE_DEBUG_INFO = YES;
				ONLY_ACTIVE_ARCH = YES;
				SDKROOT = iphoneos;
				SWIFT_OPTIMIZATION_LEVEL = "-Onone";
				TARGETED_DEVICE_FAMILY = "1,2";
			};
			name = Debug;
		};
		F553C6751AA2201400DE1A3E /* Release */ = {
			isa = XCBuildConfiguration;
			buildSettings = {
				ALWAYS_SEARCH_USER_PATHS = NO;
				CLANG_CXX_LANGUAGE_STANDARD = "gnu++0x";
				CLANG_CXX_LIBRARY = "libc++";
				CLANG_ENABLE_MODULES = YES;
				CLANG_ENABLE_OBJC_ARC = YES;
				CLANG_WARN_BOOL_CONVERSION = YES;
				CLANG_WARN_CONSTANT_CONVERSION = YES;
				CLANG_WARN_DIRECT_OBJC_ISA_USAGE = YES_ERROR;
				CLANG_WARN_EMPTY_BODY = YES;
				CLANG_WARN_ENUM_CONVERSION = YES;
				CLANG_WARN_INT_CONVERSION = YES;
				CLANG_WARN_OBJC_ROOT_CLASS = YES_ERROR;
				CLANG_WARN_UNREACHABLE_CODE = YES;
				CLANG_WARN__DUPLICATE_METHOD_MATCH = YES;
				"CODE_SIGN_IDENTITY[sdk=iphoneos*]" = "iPhone Developer";
				COPY_PHASE_STRIP = YES;
				ENABLE_NS_ASSERTIONS = NO;
				ENABLE_STRICT_OBJC_MSGSEND = YES;
				GCC_C_LANGUAGE_STANDARD = gnu99;
				GCC_WARN_64_TO_32_BIT_CONVERSION = YES;
				GCC_WARN_ABOUT_RETURN_TYPE = YES_ERROR;
				GCC_WARN_UNDECLARED_SELECTOR = YES;
				GCC_WARN_UNINITIALIZED_AUTOS = YES_AGGRESSIVE;
				GCC_WARN_UNUSED_FUNCTION = YES;
				GCC_WARN_UNUSED_VARIABLE = YES;
				IPHONEOS_DEPLOYMENT_TARGET = 8.1;
				MTL_ENABLE_DEBUG_INFO = NO;
				SDKROOT = iphoneos;
				TARGETED_DEVICE_FAMILY = "1,2";
				VALIDATE_PRODUCT = YES;
			};
			name = Release;
		};
		F553C6771AA2201400DE1A3E /* Debug */ = {
			isa = XCBuildConfiguration;
			buildSettings = {
				ASSETCATALOG_COMPILER_APPICON_NAME = AppIcon;
				INFOPLIST_FILE = HellGlowIOS/Info.plist;
				LD_RUNPATH_SEARCH_PATHS = "$(inherited) @executable_path/Frameworks";
				PRODUCT_NAME = "$(TARGET_NAME)";
			};
			name = Debug;
		};
		F553C6781AA2201400DE1A3E /* Release */ = {
			isa = XCBuildConfiguration;
			buildSettings = {
				ASSETCATALOG_COMPILER_APPICON_NAME = AppIcon;
				INFOPLIST_FILE = HellGlowIOS/Info.plist;
				LD_RUNPATH_SEARCH_PATHS = "$(inherited) @executable_path/Frameworks";
				PRODUCT_NAME = "$(TARGET_NAME)";
			};
			name = Release;
		};
		F553C67A1AA2201400DE1A3E /* Debug */ = {
			isa = XCBuildConfiguration;
			buildSettings = {
				BUNDLE_LOADER = "$(TEST_HOST)";
				FRAMEWORK_SEARCH_PATHS = (
					"$(SDKROOT)/Developer/Library/Frameworks",
					"$(inherited)",
				);
				GCC_PREPROCESSOR_DEFINITIONS = (
					"DEBUG=1",
					"$(inherited)",
				);
				INFOPLIST_FILE = HellGlowIOSTests/Info.plist;
				LD_RUNPATH_SEARCH_PATHS = "$(inherited) @executable_path/Frameworks @loader_path/Frameworks";
				PRODUCT_NAME = "$(TARGET_NAME)";
				TEST_HOST = "$(BUILT_PRODUCTS_DIR)/HellGlowIOS.app/HellGlowIOS";
			};
			name = Debug;
		};
		F553C67B1AA2201400DE1A3E /* Release */ = {
			isa = XCBuildConfiguration;
			buildSettings = {
				BUNDLE_LOADER = "$(TEST_HOST)";
				FRAMEWORK_SEARCH_PATHS = (
					"$(SDKROOT)/Developer/Library/Frameworks",
					"$(inherited)",
				);
				INFOPLIST_FILE = HellGlowIOSTests/Info.plist;
				LD_RUNPATH_SEARCH_PATHS = "$(inherited) @executable_path/Frameworks @loader_path/Frameworks";
				PRODUCT_NAME = "$(TARGET_NAME)";
				TEST_HOST = "$(BUILT_PRODUCTS_DIR)/HellGlowIOS.app/HellGlowIOS";
			};
			name = Release;
		};
/* End XCBuildConfiguration section */

/* Begin XCConfigurationList section */
		F553C6521AA2201300DE1A3E /* Build configuration list for PBXProject "HellGlowIOS" */ = {
			isa = XCConfigurationList;
			buildConfigurations = (
				F553C6741AA2201400DE1A3E /* Debug */,
				F553C6751AA2201400DE1A3E /* Release */,
			);
			defaultConfigurationIsVisible = 0;
			defaultConfigurationName = Release;
		};
		F553C6761AA2201400DE1A3E /* Build configuration list for PBXNativeTarget "HellGlowIOS" */ = {
			isa = XCConfigurationList;
			buildConfigurations = (
				F553C6771AA2201400DE1A3E /* Debug */,
				F553C6781AA2201400DE1A3E /* Release */,
			);
			defaultConfigurationIsVisible = 0;
		};
		F553C6791AA2201400DE1A3E /* Build configuration list for PBXNativeTarget "HellGlowIOSTests" */ = {
			isa = XCConfigurationList;
			buildConfigurations = (
				F553C67A1AA2201400DE1A3E /* Debug */,
				F553C67B1AA2201400DE1A3E /* Release */,
			);
			defaultConfigurationIsVisible = 0;
		};
/* End XCConfigurationList section */
	};
	rootObject = F553C64F1AA2201300DE1A3E /* Project object */;
}
